
Microsoft Visual Studio Solution File, Format Version 12.00
# Visual Studio Version 17
VisualStudioVersion = 17.6.33801.468
MinimumVisualStudioVersion = 10.0.40219.1
Project("{2150E333-8FDC-42A3-9474-1A3956D46DE8}") = "Solution Items", "Solution Items", "{7532237D-D069-44BF-BB7D-8385C3D4CBFD}"
	ProjectSection(SolutionItems) = preProject
		CALINE3.EXP = CALINE3.EXP
		LICENSE = LICENSE
		README.md = README.md
	EndProjectSection
EndProject
Project("{9A19103F-16F7-4668-BE54-9A1E7A4F7556}") = "Metrology", "Metrology\Metrology.csproj", "{2696F871-9E07-4C7E-8198-08497403C98E}"
EndProject
Project("{9A19103F-16F7-4668-BE54-9A1E7A4F7556}") = "CALINE3", "CALINE3\CALINE3.csproj", "{ADC35200-D100-4D40-BCEE-CBDAD56428CE}"
EndProject
Project("{9A19103F-16F7-4668-BE54-9A1E7A4F7556}") = "Benchmark", "Benchmark\Benchmark.csproj", "{0E0F24E1-E767-4B1C-A04F-F026AB36C652}"
EndProject
Global
	GlobalSection(SolutionConfigurationPlatforms) = preSolution
		Debug|Any CPU = Debug|Any CPU
		Release|Any CPU = Release|Any CPU
	EndGlobalSection
	GlobalSection(ProjectConfigurationPlatforms) = postSolution
		{2696F871-9E07-4C7E-8198-08497403C98E}.Debug|Any CPU.ActiveCfg = Debug|Any CPU
		{2696F871-9E07-4C7E-8198-08497403C98E}.Debug|Any CPU.Build.0 = Debug|Any CPU
		{2696F871-9E07-4C7E-8198-08497403C98E}.Release|Any CPU.ActiveCfg = Release|Any CPU
		{2696F871-9E07-4C7E-8198-08497403C98E}.Release|Any CPU.Build.0 = Release|Any CPU
		{ADC35200-D100-4D40-BCEE-CBDAD56428CE}.Debug|Any CPU.ActiveCfg = Debug|Any CPU
		{ADC35200-D100-4D40-BCEE-CBDAD56428CE}.Debug|Any CPU.Build.0 = Debug|Any CPU
		{ADC35200-D100-4D40-BCEE-CBDAD56428CE}.Release|Any CPU.ActiveCfg = Release|Any CPU
		{ADC35200-D100-4D40-BCEE-CBDAD56428CE}.Release|Any CPU.Build.0 = Release|Any CPU
		{0E0F24E1-E767-4B1C-A04F-F026AB36C652}.Debug|Any CPU.ActiveCfg = Debug|Any CPU
		{0E0F24E1-E767-4B1C-A04F-F026AB36C652}.Debug|Any CPU.Build.0 = Debug|Any CPU
		{0E0F24E1-E767-4B1C-A04F-F026AB36C652}.Release|Any CPU.ActiveCfg = Release|Any CPU
		{0E0F24E1-E767-4B1C-A04F-F026AB36C652}.Release|Any CPU.Build.0 = Release|Any CPU
	EndGlobalSection
	GlobalSection(SolutionProperties) = preSolution
		HideSolutionNode = FALSE
	EndGlobalSection
	GlobalSection(ExtensibilityGlobals) = postSolution
		SolutionGuid = {9BB92159-F7BF-4D51-BDEE-6368F4E4F57A}
	EndGlobalSection
EndGlobal
